// !$*UTF8*$!
{
	archiveVersion = 1;
	classes = {
	};
	objectVersion = 55;
	objects = {

/* Begin PBXBuildFile section */
		600CC03E28659B5E00D96854 /* AppDelegate.swift in Sources */ = {isa = PBXBuildFile; fileRef = 600CC03D28659B5E00D96854 /* AppDelegate.swift */; };
		600CC04728659B5F00D96854 /* Assets.xcassets in Resources */ = {isa = PBXBuildFile; fileRef = 600CC04628659B5F00D96854 /* Assets.xcassets */; };
		600CC04A28659B5F00D96854 /* LaunchScreen.storyboard in Resources */ = {isa = PBXBuildFile; fileRef = 600CC04828659B5F00D96854 /* LaunchScreen.storyboard */; };
		600CC05428659CD000D96854 /* ChartData.swift in Sources */ = {isa = PBXBuildFile; fileRef = 600CC05328659CD000D96854 /* ChartData.swift */; };
		600CC05628659CE300D96854 /* ChartDataDetail.swift in Sources */ = {isa = PBXBuildFile; fileRef = 600CC05528659CE300D96854 /* ChartDataDetail.swift */; };
		600CC05828659CF300D96854 /* ChartDataDetailInfo.swift in Sources */ = {isa = PBXBuildFile; fileRef = 600CC05728659CF300D96854 /* ChartDataDetailInfo.swift */; };
		600CC05B28659D1100D96854 /* InvestmentProduct.swift in Sources */ = {isa = PBXBuildFile; fileRef = 600CC05A28659D1100D96854 /* InvestmentProduct.swift */; };
		600CC05D28659D2100D96854 /* InvestmentProductDetail.swift in Sources */ = {isa = PBXBuildFile; fileRef = 600CC05C28659D2100D96854 /* InvestmentProductDetail.swift */; };
		600CC05F28659D4A00D96854 /* MutualFundDetail.swift in Sources */ = {isa = PBXBuildFile; fileRef = 600CC05E28659D4A00D96854 /* MutualFundDetail.swift */; };
		600CC06228659DD300D96854 /* ChartView.swift in Sources */ = {isa = PBXBuildFile; fileRef = 600CC06128659DD300D96854 /* ChartView.swift */; };
		600CC0642865A09D00D96854 /* ChartViewModel.swift in Sources */ = {isa = PBXBuildFile; fileRef = 600CC0632865A09D00D96854 /* ChartViewModel.swift */; };
		600CC0682865A0F300D96854 /* MutualFundCollectionViewCell.swift in Sources */ = {isa = PBXBuildFile; fileRef = 600CC0662865A0F300D96854 /* MutualFundCollectionViewCell.swift */; };
		600CC0692865A0F300D96854 /* MutualFundCollectionViewCell.xib in Resources */ = {isa = PBXBuildFile; fileRef = 600CC0672865A0F300D96854 /* MutualFundCollectionViewCell.xib */; };
		600CC06C2865A18300D96854 /* ActionCollectionViewCell.swift in Sources */ = {isa = PBXBuildFile; fileRef = 600CC06A2865A18300D96854 /* ActionCollectionViewCell.swift */; };
		600CC06D2865A18300D96854 /* ActionCollectionViewCell.xib in Resources */ = {isa = PBXBuildFile; fileRef = 600CC06B2865A18300D96854 /* ActionCollectionViewCell.xib */; };
		600CC0702865A28800D96854 /* ComparePercentageCollectionViewCell.swift in Sources */ = {isa = PBXBuildFile; fileRef = 600CC06E2865A28800D96854 /* ComparePercentageCollectionViewCell.swift */; };
		600CC0712865A28800D96854 /* ComparePercentageCollectionViewCell.xib in Resources */ = {isa = PBXBuildFile; fileRef = 600CC06F2865A28800D96854 /* ComparePercentageCollectionViewCell.xib */; };
		600CC0752865A32100D96854 /* HomeViewController.swift in Sources */ = {isa = PBXBuildFile; fileRef = 600CC0732865A32100D96854 /* HomeViewController.swift */; };
		600CC0762865A32100D96854 /* HomeViewController.xib in Resources */ = {isa = PBXBuildFile; fileRef = 600CC0742865A32100D96854 /* HomeViewController.xib */; };
/* End PBXBuildFile section */

/* Begin PBXFileReference section */
		600CC03A28659B5E00D96854 /* Investment Comparison.app */ = {isa = PBXFileReference; explicitFileType = wrapper.application; includeInIndex = 0; path = "Investment Comparison.app"; sourceTree = BUILT_PRODUCTS_DIR; };
		600CC03D28659B5E00D96854 /* AppDelegate.swift */ = {isa = PBXFileReference; lastKnownFileType = sourcecode.swift; path = AppDelegate.swift; sourceTree = "<group>"; };
		600CC04628659B5F00D96854 /* Assets.xcassets */ = {isa = PBXFileReference; lastKnownFileType = folder.assetcatalog; path = Assets.xcassets; sourceTree = "<group>"; };
		600CC04928659B5F00D96854 /* Base */ = {isa = PBXFileReference; lastKnownFileType = file.storyboard; name = Base; path = Base.lproj/LaunchScreen.storyboard; sourceTree = "<group>"; };
		600CC04B28659B5F00D96854 /* Info.plist */ = {isa = PBXFileReference; lastKnownFileType = text.plist.xml; path = Info.plist; sourceTree = "<group>"; };
		600CC05328659CD000D96854 /* ChartData.swift */ = {isa = PBXFileReference; lastKnownFileType = sourcecode.swift; path = ChartData.swift; sourceTree = "<group>"; };
		600CC05528659CE300D96854 /* ChartDataDetail.swift */ = {isa = PBXFileReference; lastKnownFileType = sourcecode.swift; path = ChartDataDetail.swift; sourceTree = "<group>"; };
		600CC05728659CF300D96854 /* ChartDataDetailInfo.swift */ = {isa = PBXFileReference; lastKnownFileType = sourcecode.swift; path = ChartDataDetailInfo.swift; sourceTree = "<group>"; };
		600CC05A28659D1100D96854 /* InvestmentProduct.swift */ = {isa = PBXFileReference; lastKnownFileType = sourcecode.swift; path = InvestmentProduct.swift; sourceTree = "<group>"; };
		600CC05C28659D2100D96854 /* InvestmentProductDetail.swift */ = {isa = PBXFileReference; lastKnownFileType = sourcecode.swift; path = InvestmentProductDetail.swift; sourceTree = "<group>"; };
		600CC05E28659D4A00D96854 /* MutualFundDetail.swift */ = {isa = PBXFileReference; lastKnownFileType = sourcecode.swift; path = MutualFundDetail.swift; sourceTree = "<group>"; };
		600CC06128659DD300D96854 /* ChartView.swift */ = {isa = PBXFileReference; lastKnownFileType = sourcecode.swift; path = ChartView.swift; sourceTree = "<group>"; };
		600CC0632865A09D00D96854 /* ChartViewModel.swift */ = {isa = PBXFileReference; lastKnownFileType = sourcecode.swift; path = ChartViewModel.swift; sourceTree = "<group>"; };
		600CC0662865A0F300D96854 /* MutualFundCollectionViewCell.swift */ = {isa = PBXFileReference; lastKnownFileType = sourcecode.swift; path = MutualFundCollectionViewCell.swift; sourceTree = "<group>"; };
		600CC0672865A0F300D96854 /* MutualFundCollectionViewCell.xib */ = {isa = PBXFileReference; lastKnownFileType = file.xib; path = MutualFundCollectionViewCell.xib; sourceTree = "<group>"; };
		600CC06A2865A18300D96854 /* ActionCollectionViewCell.swift */ = {isa = PBXFileReference; lastKnownFileType = sourcecode.swift; path = ActionCollectionViewCell.swift; sourceTree = "<group>"; };
		600CC06B2865A18300D96854 /* ActionCollectionViewCell.xib */ = {isa = PBXFileReference; lastKnownFileType = file.xib; path = ActionCollectionViewCell.xib; sourceTree = "<group>"; };
		600CC06E2865A28800D96854 /* ComparePercentageCollectionViewCell.swift */ = {isa = PBXFileReference; lastKnownFileType = sourcecode.swift; path = ComparePercentageCollectionViewCell.swift; sourceTree = "<group>"; };
		600CC06F2865A28800D96854 /* ComparePercentageCollectionViewCell.xib */ = {isa = PBXFileReference; lastKnownFileType = file.xib; path = ComparePercentageCollectionViewCell.xib; sourceTree = "<group>"; };
		600CC0732865A32100D96854 /* HomeViewController.swift */ = {isa = PBXFileReference; lastKnownFileType = sourcecode.swift; path = HomeViewController.swift; sourceTree = "<group>"; };
		600CC0742865A32100D96854 /* HomeViewController.xib */ = {isa = PBXFileReference; lastKnownFileType = file.xib; path = HomeViewController.xib; sourceTree = "<group>"; };
/* End PBXFileReference section */

/* Begin PBXFrameworksBuildPhase section */
		600CC03728659B5E00D96854 /* Frameworks */ = {
			isa = PBXFrameworksBuildPhase;
			buildActionMask = 2147483647;
			files = (
			);
			runOnlyForDeploymentPostprocessing = 0;
		};
/* End PBXFrameworksBuildPhase section */

/* Begin PBXGroup section */
		600CC03128659B5E00D96854 = {
			isa = PBXGroup;
			children = (
				600CC03C28659B5E00D96854 /* Investment Comparison */,
				600CC03B28659B5E00D96854 /* Products */,
			);
			sourceTree = "<group>";
		};
		600CC03B28659B5E00D96854 /* Products */ = {
			isa = PBXGroup;
			children = (
				600CC03A28659B5E00D96854 /* Investment Comparison.app */,
			);
			name = Products;
			sourceTree = "<group>";
		};
		600CC03C28659B5E00D96854 /* Investment Comparison */ = {
			isa = PBXGroup;
			children = (
				600CC0722865A2D400D96854 /* Home */,
				600CC0652865A0BD00D96854 /* Mutual Fund */,
				600CC06028659D6100D96854 /* Chart */,
				600CC05128659CB200D96854 /* Model */,
				600CC03D28659B5E00D96854 /* AppDelegate.swift */,
				600CC04628659B5F00D96854 /* Assets.xcassets */,
				600CC04828659B5F00D96854 /* LaunchScreen.storyboard */,
				600CC04B28659B5F00D96854 /* Info.plist */,
			);
			path = "Investment Comparison";
			sourceTree = "<group>";
		};
		600CC05128659CB200D96854 /* Model */ = {
			isa = PBXGroup;
			children = (
				600CC05928659D0200D96854 /* Mutual Fund */,
				600CC05228659CBD00D96854 /* Chart */,
			);
			path = Model;
			sourceTree = "<group>";
		};
		600CC05228659CBD00D96854 /* Chart */ = {
			isa = PBXGroup;
			children = (
				600CC05328659CD000D96854 /* ChartData.swift */,
				600CC05528659CE300D96854 /* ChartDataDetail.swift */,
				600CC05728659CF300D96854 /* ChartDataDetailInfo.swift */,
			);
			path = Chart;
			sourceTree = "<group>";
		};
		600CC05928659D0200D96854 /* Mutual Fund */ = {
			isa = PBXGroup;
			children = (
				600CC05A28659D1100D96854 /* InvestmentProduct.swift */,
				600CC05C28659D2100D96854 /* InvestmentProductDetail.swift */,
				600CC05E28659D4A00D96854 /* MutualFundDetail.swift */,
			);
			path = "Mutual Fund";
			sourceTree = "<group>";
		};
		600CC06028659D6100D96854 /* Chart */ = {
			isa = PBXGroup;
			children = (
				600CC06128659DD300D96854 /* ChartView.swift */,
				600CC0632865A09D00D96854 /* ChartViewModel.swift */,
			);
			path = Chart;
			sourceTree = "<group>";
		};
		600CC0652865A0BD00D96854 /* Mutual Fund */ = {
			isa = PBXGroup;
			children = (
				600CC0662865A0F300D96854 /* MutualFundCollectionViewCell.swift */,
				600CC0672865A0F300D96854 /* MutualFundCollectionViewCell.xib */,
				600CC06A2865A18300D96854 /* ActionCollectionViewCell.swift */,
				600CC06B2865A18300D96854 /* ActionCollectionViewCell.xib */,
				600CC06E2865A28800D96854 /* ComparePercentageCollectionViewCell.swift */,
				600CC06F2865A28800D96854 /* ComparePercentageCollectionViewCell.xib */,
			);
			path = "Mutual Fund";
			sourceTree = "<group>";
		};
		600CC0722865A2D400D96854 /* Home */ = {
			isa = PBXGroup;
			children = (
				600CC0732865A32100D96854 /* HomeViewController.swift */,
				600CC0742865A32100D96854 /* HomeViewController.xib */,
			);
			path = Home;
			sourceTree = "<group>";
		};
/* End PBXGroup section */

/* Begin PBXNativeTarget section */
		600CC03928659B5E00D96854 /* Investment Comparison */ = {
			isa = PBXNativeTarget;
			buildConfigurationList = 600CC04E28659B5F00D96854 /* Build configuration list for PBXNativeTarget "Investment Comparison" */;
			buildPhases = (
				600CC03628659B5E00D96854 /* Sources */,
				600CC03728659B5E00D96854 /* Frameworks */,
				600CC03828659B5E00D96854 /* Resources */,
			);
			buildRules = (
			);
			dependencies = (
			);
			name = "Investment Comparison";
			productName = "Investment Comparison";
			productReference = 600CC03A28659B5E00D96854 /* Investment Comparison.app */;
			productType = "com.apple.product-type.application";
		};
/* End PBXNativeTarget section */

/* Begin PBXProject section */
		600CC03228659B5E00D96854 /* Project object */ = {
			isa = PBXProject;
			attributes = {
				BuildIndependentTargetsInParallel = 1;
				LastSwiftUpdateCheck = 1330;
				LastUpgradeCheck = 1330;
				TargetAttributes = {
					600CC03928659B5E00D96854 = {
						CreatedOnToolsVersion = 13.3.1;
					};
				};
			};
			buildConfigurationList = 600CC03528659B5E00D96854 /* Build configuration list for PBXProject "Investment Comparison" */;
			compatibilityVersion = "Xcode 13.0";
			developmentRegion = en;
			hasScannedForEncodings = 0;
			knownRegions = (
				en,
				Base,
			);
			mainGroup = 600CC03128659B5E00D96854;
			productRefGroup = 600CC03B28659B5E00D96854 /* Products */;
			projectDirPath = "";
			projectRoot = "";
			targets = (
				600CC03928659B5E00D96854 /* Investment Comparison */,
			);
		};
/* End PBXProject section */

/* Begin PBXResourcesBuildPhase section */
		600CC03828659B5E00D96854 /* Resources */ = {
			isa = PBXResourcesBuildPhase;
			buildActionMask = 2147483647;
			files = (
				600CC04A28659B5F00D96854 /* LaunchScreen.storyboard in Resources */,
				600CC0712865A28800D96854 /* ComparePercentageCollectionViewCell.xib in Resources */,
				600CC0692865A0F300D96854 /* MutualFundCollectionViewCell.xib in Resources */,
				600CC06D2865A18300D96854 /* ActionCollectionViewCell.xib in Resources */,
				600CC04728659B5F00D96854 /* Assets.xcassets in Resources */,
				600CC0762865A32100D96854 /* HomeViewController.xib in Resources */,
			);
			runOnlyForDeploymentPostprocessing = 0;
		};
/* End PBXResourcesBuildPhase section */

/* Begin PBXSourcesBuildPhase section */
		600CC03628659B5E00D96854 /* Sources */ = {
			isa = PBXSourcesBuildPhase;
			buildActionMask = 2147483647;
			files = (
				600CC05628659CE300D96854 /* ChartDataDetail.swift in Sources */,
				600CC05428659CD000D96854 /* ChartData.swift in Sources */,
				600CC03E28659B5E00D96854 /* AppDelegate.swift in Sources */,
				600CC0682865A0F300D96854 /* MutualFundCollectionViewCell.swift in Sources */,
				600CC0702865A28800D96854 /* ComparePercentageCollectionViewCell.swift in Sources */,
				600CC05B28659D1100D96854 /* InvestmentProduct.swift in Sources */,
				600CC05828659CF300D96854 /* ChartDataDetailInfo.swift in Sources */,
				600CC05F28659D4A00D96854 /* MutualFundDetail.swift in Sources */,
				600CC0642865A09D00D96854 /* ChartViewModel.swift in Sources */,
				600CC05D28659D2100D96854 /* InvestmentProductDetail.swift in Sources */,
				600CC06228659DD300D96854 /* ChartView.swift in Sources */,
				600CC0752865A32100D96854 /* HomeViewController.swift in Sources */,
				600CC06C2865A18300D96854 /* ActionCollectionViewCell.swift in Sources */,
			);
			runOnlyForDeploymentPostprocessing = 0;
		};
/* End PBXSourcesBuildPhase section */

/* Begin PBXVariantGroup section */
		600CC04828659B5F00D96854 /* LaunchScreen.storyboard */ = {
			isa = PBXVariantGroup;
			children = (
				600CC04928659B5F00D96854 /* Base */,
			);
			name = LaunchScreen.storyboard;
			sourceTree = "<group>";
		};
/* End PBXVariantGroup section */

/* Begin XCBuildConfiguration section */
		600CC04C28659B5F00D96854 /* Debug */ = {
			isa = XCBuildConfiguration;
			buildSettings = {
				ALWAYS_SEARCH_USER_PATHS = NO;
				CLANG_ANALYZER_NONNULL = YES;
				CLANG_ANALYZER_NUMBER_OBJECT_CONVERSION = YES_AGGRESSIVE;
				CLANG_CXX_LANGUAGE_STANDARD = "gnu++17";
				CLANG_ENABLE_MODULES = YES;
				CLANG_ENABLE_OBJC_ARC = YES;
				CLANG_ENABLE_OBJC_WEAK = YES;
				CLANG_WARN_BLOCK_CAPTURE_AUTORELEASING = YES;
				CLANG_WARN_BOOL_CONVERSION = YES;
				CLANG_WARN_COMMA = YES;
				CLANG_WARN_CONSTANT_CONVERSION = YES;
				CLANG_WARN_DEPRECATED_OBJC_IMPLEMENTATIONS = YES;
				CLANG_WARN_DIRECT_OBJC_ISA_USAGE = YES_ERROR;
				CLANG_WARN_DOCUMENTATION_COMMENTS = YES;
				CLANG_WARN_EMPTY_BODY = YES;
				CLANG_WARN_ENUM_CONVERSION = YES;
				CLANG_WARN_INFINITE_RECURSION = YES;
				CLANG_WARN_INT_CONVERSION = YES;
				CLANG_WARN_NON_LITERAL_NULL_CONVERSION = YES;
				CLANG_WARN_OBJC_IMPLICIT_RETAIN_SELF = YES;
				CLANG_WARN_OBJC_LITERAL_CONVERSION = YES;
				CLANG_WARN_OBJC_ROOT_CLASS = YES_ERROR;
				CLANG_WARN_QUOTED_INCLUDE_IN_FRAMEWORK_HEADER = YES;
				CLANG_WARN_RANGE_LOOP_ANALYSIS = YES;
				CLANG_WARN_STRICT_PROTOTYPES = YES;
				CLANG_WARN_SUSPICIOUS_MOVE = YES;
				CLANG_WARN_UNGUARDED_AVAILABILITY = YES_AGGRESSIVE;
				CLANG_WARN_UNREACHABLE_CODE = YES;
				CLANG_WARN__DUPLICATE_METHOD_MATCH = YES;
				COPY_PHASE_STRIP = NO;
				DEBUG_INFORMATION_FORMAT = dwarf;
				ENABLE_STRICT_OBJC_MSGSEND = YES;
				ENABLE_TESTABILITY = YES;
				GCC_C_LANGUAGE_STANDARD = gnu11;
				GCC_DYNAMIC_NO_PIC = NO;
				GCC_NO_COMMON_BLOCKS = YES;
				GCC_OPTIMIZATION_LEVEL = 0;
				GCC_PREPROCESSOR_DEFINITIONS = (
					"DEBUG=1",
					"$(inherited)",
				);
				GCC_WARN_64_TO_32_BIT_CONVERSION = YES;
				GCC_WARN_ABOUT_RETURN_TYPE = YES_ERROR;
				GCC_WARN_UNDECLARED_SELECTOR = YES;
				GCC_WARN_UNINITIALIZED_AUTOS = YES_AGGRESSIVE;
				GCC_WARN_UNUSED_FUNCTION = YES;
				GCC_WARN_UNUSED_VARIABLE = YES;
				IPHONEOS_DEPLOYMENT_TARGET = 15.4;
				MTL_ENABLE_DEBUG_INFO = INCLUDE_SOURCE;
				MTL_FAST_MATH = YES;
				ONLY_ACTIVE_ARCH = YES;
				SDKROOT = iphoneos;
				SWIFT_ACTIVE_COMPILATION_CONDITIONS = DEBUG;
				SWIFT_OPTIMIZATION_LEVEL = "-Onone";
			};
			name = Debug;
		};
		600CC04D28659B5F00D96854 /* Release */ = {
			isa = XCBuildConfiguration;
			buildSettings = {
				ALWAYS_SEARCH_USER_PATHS = NO;
				CLANG_ANALYZER_NONNULL = YES;
				CLANG_ANALYZER_NUMBER_OBJECT_CONVERSION = YES_AGGRESSIVE;
				CLANG_CXX_LANGUAGE_STANDARD = "gnu++17";
				CLANG_ENABLE_MODULES = YES;
				CLANG_ENABLE_OBJC_ARC = YES;
				CLANG_ENABLE_OBJC_WEAK = YES;
				CLANG_WARN_BLOCK_CAPTURE_AUTORELEASING = YES;
				CLANG_WARN_BOOL_CONVERSION = YES;
				CLANG_WARN_COMMA = YES;
				CLANG_WARN_CONSTANT_CONVERSION = YES;
				CLANG_WARN_DEPRECATED_OBJC_IMPLEMENTATIONS = YES;
				CLANG_WARN_DIRECT_OBJC_ISA_USAGE = YES_ERROR;
				CLANG_WARN_DOCUMENTATION_COMMENTS = YES;
				CLANG_WARN_EMPTY_BODY = YES;
				CLANG_WARN_ENUM_CONVERSION = YES;
				CLANG_WARN_INFINITE_RECURSION = YES;
				CLANG_WARN_INT_CONVERSION = YES;
				CLANG_WARN_NON_LITERAL_NULL_CONVERSION = YES;
				CLANG_WARN_OBJC_IMPLICIT_RETAIN_SELF = YES;
				CLANG_WARN_OBJC_LITERAL_CONVERSION = YES;
				CLANG_WARN_OBJC_ROOT_CLASS = YES_ERROR;
				CLANG_WARN_QUOTED_INCLUDE_IN_FRAMEWORK_HEADER = YES;
				CLANG_WARN_RANGE_LOOP_ANALYSIS = YES;
				CLANG_WARN_STRICT_PROTOTYPES = YES;
				CLANG_WARN_SUSPICIOUS_MOVE = YES;
				CLANG_WARN_UNGUARDED_AVAILABILITY = YES_AGGRESSIVE;
				CLANG_WARN_UNREACHABLE_CODE = YES;
				CLANG_WARN__DUPLICATE_METHOD_MATCH = YES;
				COPY_PHASE_STRIP = NO;
				DEBUG_INFORMATION_FORMAT = "dwarf-with-dsym";
				ENABLE_NS_ASSERTIONS = NO;
				ENABLE_STRICT_OBJC_MSGSEND = YES;
				GCC_C_LANGUAGE_STANDARD = gnu11;
				GCC_NO_COMMON_BLOCKS = YES;
				GCC_WARN_64_TO_32_BIT_CONVERSION = YES;
				GCC_WARN_ABOUT_RETURN_TYPE = YES_ERROR;
				GCC_WARN_UNDECLARED_SELECTOR = YES;
				GCC_WARN_UNINITIALIZED_AUTOS = YES_AGGRESSIVE;
				GCC_WARN_UNUSED_FUNCTION = YES;
				GCC_WARN_UNUSED_VARIABLE = YES;
				IPHONEOS_DEPLOYMENT_TARGET = 15.4;
				MTL_ENABLE_DEBUG_INFO = NO;
				MTL_FAST_MATH = YES;
				SDKROOT = iphoneos;
				SWIFT_COMPILATION_MODE = wholemodule;
				SWIFT_OPTIMIZATION_LEVEL = "-O";
				VALIDATE_PRODUCT = YES;
			};
			name = Release;
		};
		600CC04F28659B5F00D96854 /* Debug */ = {
			isa = XCBuildConfiguration;
			buildSettings = {
				ASSETCATALOG_COMPILER_APPICON_NAME = AppIcon;
				ASSETCATALOG_COMPILER_GLOBAL_ACCENT_COLOR_NAME = AccentColor;
				CODE_SIGN_STYLE = Automatic;
				CURRENT_PROJECT_VERSION = 1;
				DEVELOPMENT_TEAM = XSU8R39RF3;
				GENERATE_INFOPLIST_FILE = YES;
				INFOPLIST_FILE = "Investment Comparison/Info.plist";
				INFOPLIST_KEY_UIApplicationSupportsIndirectInputEvents = YES;
				INFOPLIST_KEY_UILaunchStoryboardName = LaunchScreen;
				INFOPLIST_KEY_UISupportedInterfaceOrientations_iPad = "UIInterfaceOrientationPortrait UIInterfaceOrientationPortraitUpsideDown UIInterfaceOrientationLandscapeLeft UIInterfaceOrientationLandscapeRight";
				INFOPLIST_KEY_UISupportedInterfaceOrientations_iPhone = "UIInterfaceOrientationPortrait UIInterfaceOrientationLandscapeLeft UIInterfaceOrientationLandscapeRight";
				LD_RUNPATH_SEARCH_PATHS = (
					"$(inherited)",
					"@executable_path/Frameworks",
				);
				MARKETING_VERSION = 1.0;
				PRODUCT_BUNDLE_IDENTIFIER = "com.iskandar.Investment-Comparison";
				PRODUCT_NAME = "$(TARGET_NAME)";
				SWIFT_EMIT_LOC_STRINGS = YES;
				SWIFT_VERSION = 5.0;
				TARGETED_DEVICE_FAMILY = "1,2";
			};
			name = Debug;
		};
		600CC05028659B5F00D96854 /* Release */ = {
			isa = XCBuildConfiguration;
			buildSettings = {
				ASSETCATALOG_COMPILER_APPICON_NAME = AppIcon;
				ASSETCATALOG_COMPILER_GLOBAL_ACCENT_COLOR_NAME = AccentColor;
				CODE_SIGN_STYLE = Automatic;
				CURRENT_PROJECT_VERSION = 1;
				DEVELOPMENT_TEAM = XSU8R39RF3;
				GENERATE_INFOPLIST_FILE = YES;
				INFOPLIST_FILE = "Investment Comparison/Info.plist";
				INFOPLIST_KEY_UIApplicationSupportsIndirectInputEvents = YES;
				INFOPLIST_KEY_UILaunchStoryboardName = LaunchScreen;
				INFOPLIST_KEY_UISupportedInterfaceOrientations_iPad = "UIInterfaceOrientationPortrait UIInterfaceOrientationPortraitUpsideDown UIInterfaceOrientationLandscapeLeft UIInterfaceOrientationLandscapeRight";
				INFOPLIST_KEY_UISupportedInterfaceOrientations_iPhone = "UIInterfaceOrientationPortrait UIInterfaceOrientationLandscapeLeft UIInterfaceOrientationLandscapeRight";
				LD_RUNPATH_SEARCH_PATHS = (
					"$(inherited)",
					"@executable_path/Frameworks",
				);
				MARKETING_VERSION = 1.0;
				PRODUCT_BUNDLE_IDENTIFIER = "com.iskandar.Investment-Comparison";
				PRODUCT_NAME = "$(TARGET_NAME)";
				SWIFT_EMIT_LOC_STRINGS = YES;
				SWIFT_VERSION = 5.0;
				TARGETED_DEVICE_FAMILY = "1,2";
			};
			name = Release;
		};
/* End XCBuildConfiguration section */

/* Begin XCConfigurationList section */
		600CC03528659B5E00D96854 /* Build configuration list for PBXProject "Investment Comparison" */ = {
			isa = XCConfigurationList;
			buildConfigurations = (
				600CC04C28659B5F00D96854 /* Debug */,
				600CC04D28659B5F00D96854 /* Release */,
			);
			defaultConfigurationIsVisible = 0;
			defaultConfigurationName = Release;
		};
		600CC04E28659B5F00D96854 /* Build configuration list for PBXNativeTarget "Investment Comparison" */ = {
			isa = XCConfigurationList;
			buildConfigurations = (
				600CC04F28659B5F00D96854 /* Debug */,
				600CC05028659B5F00D96854 /* Release */,
			);
			defaultConfigurationIsVisible = 0;
			defaultConfigurationName = Release;
		};
/* End XCConfigurationList section */
	};
	rootObject = 600CC03228659B5E00D96854 /* Project object */;
}
